
Microsoft Visual Studio Solution File, Format Version 12.00
# Visual Studio 2012
Project("{FAE04EC0-301F-11D3-BF4B-00C04F79EFBC}") = "1dv406_1_3_konvertera_temperaturer", "1dv406_1_3_konvertera_temperaturer\1dv406_1_3_konvertera_temperaturer.csproj", "{2131EC0B-046D-4CD7-B026-F5C9247359E7}"
EndProject
Global
	GlobalSection(SolutionConfigurationPlatforms) = preSolution
		Debug|Any CPU = Debug|Any CPU
		Release|Any CPU = Release|Any CPU
	EndGlobalSection
	GlobalSection(ProjectConfigurationPlatforms) = postSolution
		{2131EC0B-046D-4CD7-B026-F5C9247359E7}.Debug|Any CPU.ActiveCfg = Debug|Any CPU
		{2131EC0B-046D-4CD7-B026-F5C9247359E7}.Debug|Any CPU.Build.0 = Debug|Any CPU
		{2131EC0B-046D-4CD7-B026-F5C9247359E7}.Release|Any CPU.ActiveCfg = Release|Any CPU
		{2131EC0B-046D-4CD7-B026-F5C9247359E7}.Release|Any CPU.Build.0 = Release|Any CPU
	EndGlobalSection
	GlobalSection(SolutionProperties) = preSolution
		HideSolutionNode = FALSE
	EndGlobalSection
EndGlobal
